
Microsoft Visual Studio Solution File, Format Version 12.00
# Visual Studio Version 17
VisualStudioVersion = 17.0.31903.59
MinimumVisualStudioVersion = 10.0.40219.1
Project("{FAE04EC0-301F-11D3-BF4B-00C04F79EFBC}") = "sistemainventariocms.Web", "sistemainventariocms.web\sistemainventariocms.Web.csproj", "{496AE047-F187-436F-8E14-5B6338A7E02D}"
EndProject
Project("{FAE04EC0-301F-11D3-BF4B-00C04F79EFBC}") = "sistemainventariocms.Data", "sistemainventariocms.Data\sistemainventariocms.Data.csproj", "{3CDA9C58-A1DE-4F69-A616-809B8E967991}"
EndProject
Project("{FAE04EC0-301F-11D3-BF4B-00C04F79EFBC}") = "sistemainventariocms.Models", "sistemainventariocms.Models\sistemainventariocms.Models.csproj", "{7A79B464-AC85-428B-9652-D3FCDDC0B70C}"
EndProject
Project("{FAE04EC0-301F-11D3-BF4B-00C04F79EFBC}") = "sistemainventariocms.Common", "sistemainventariocms.Common\sistemainventariocms.Common.csproj", "{BDA39730-F295-442D-BBCC-17B19F4952BA}"
EndProject
Global
	GlobalSection(SolutionConfigurationPlatforms) = preSolution
		Debug|Any CPU = Debug|Any CPU
		Release|Any CPU = Release|Any CPU
	EndGlobalSection
	GlobalSection(ProjectConfigurationPlatforms) = postSolution
		{496AE047-F187-436F-8E14-5B6338A7E02D}.Debug|Any CPU.ActiveCfg = Debug|Any CPU
		{496AE047-F187-436F-8E14-5B6338A7E02D}.Debug|Any CPU.Build.0 = Debug|Any CPU
		{496AE047-F187-436F-8E14-5B6338A7E02D}.Release|Any CPU.ActiveCfg = Release|Any CPU
		{496AE047-F187-436F-8E14-5B6338A7E02D}.Release|Any CPU.Build.0 = Release|Any CPU
		{3CDA9C58-A1DE-4F69-A616-809B8E967991}.Debug|Any CPU.ActiveCfg = Debug|Any CPU
		{3CDA9C58-A1DE-4F69-A616-809B8E967991}.Debug|Any CPU.Build.0 = Debug|Any CPU
		{3CDA9C58-A1DE-4F69-A616-809B8E967991}.Release|Any CPU.ActiveCfg = Release|Any CPU
		{3CDA9C58-A1DE-4F69-A616-809B8E967991}.Release|Any CPU.Build.0 = Release|Any CPU
		{7A79B464-AC85-428B-9652-D3FCDDC0B70C}.Debug|Any CPU.ActiveCfg = Debug|Any CPU
		{7A79B464-AC85-428B-9652-D3FCDDC0B70C}.Debug|Any CPU.Build.0 = Debug|Any CPU
		{7A79B464-AC85-428B-9652-D3FCDDC0B70C}.Release|Any CPU.ActiveCfg = Release|Any CPU
		{7A79B464-AC85-428B-9652-D3FCDDC0B70C}.Release|Any CPU.Build.0 = Release|Any CPU
		{BDA39730-F295-442D-BBCC-17B19F4952BA}.Debug|Any CPU.ActiveCfg = Debug|Any CPU
		{BDA39730-F295-442D-BBCC-17B19F4952BA}.Debug|Any CPU.Build.0 = Debug|Any CPU
		{BDA39730-F295-442D-BBCC-17B19F4952BA}.Release|Any CPU.ActiveCfg = Release|Any CPU
		{BDA39730-F295-442D-BBCC-17B19F4952BA}.Release|Any CPU.Build.0 = Release|Any CPU
	EndGlobalSection
	GlobalSection(SolutionProperties) = preSolution
		HideSolutionNode = FALSE
	EndGlobalSection
	GlobalSection(ExtensibilityGlobals) = postSolution
		SolutionGuid = {EAF83E79-48FE-46F8-A720-00FFF4F5CC6A}
	EndGlobalSection
EndGlobal
